
Microsoft Visual Studio Solution File, Format Version 12.00
# Visual Studio Version 17
VisualStudioVersion = 17.4.33213.308
MinimumVisualStudioVersion = 10.0.40219.1
Project("{888888A0-9F3D-457C-B088-3A5042F75D52}") = "pytask", "pytask\pytask.pyproj", "{836DAB6D-507C-4BFB-A82D-AEF1140F310B}"
EndProject
Global
	GlobalSection(SolutionConfigurationPlatforms) = preSolution
		Debug|Any CPU = Debug|Any CPU
		Release|Any CPU = Release|Any CPU
	EndGlobalSection
	GlobalSection(ProjectConfigurationPlatforms) = postSolution
		{836DAB6D-507C-4BFB-A82D-AEF1140F310B}.Debug|Any CPU.ActiveCfg = Debug|Any CPU
		{836DAB6D-507C-4BFB-A82D-AEF1140F310B}.Release|Any CPU.ActiveCfg = Release|Any CPU
	EndGlobalSection
	GlobalSection(SolutionProperties) = preSolution
		HideSolutionNode = FALSE
	EndGlobalSection
	GlobalSection(ExtensibilityGlobals) = postSolution
		SolutionGuid = {96A0FB42-9D3D-4EA7-B675-EB09823EFA5C}
	EndGlobalSection
EndGlobal
